
Microsoft Visual Studio Solution File, Format Version 12.00
# Visual Studio Version 17
VisualStudioVersion = 17.3.32811.315
MinimumVisualStudioVersion = 10.0.40219.1
Project("{9A19103F-16F7-4668-BE54-9A1E7A4F7556}") = "E-comerce_Inventory.Web", "E-comerce_Inventory.Web\E-comerce_Inventory.Web.csproj", "{51E61510-AC67-498C-9EAA-665656D8FF8A}"
EndProject
Project("{9A19103F-16F7-4668-BE54-9A1E7A4F7556}") = "E-comerce_Inventory.DataAccess", "E-comerce_Inventory.DataAccess\E-comerce_Inventory.DataAccess.csproj", "{4EB95A04-8E25-444B-B405-8AB56B39142C}"
EndProject
Project("{9A19103F-16F7-4668-BE54-9A1E7A4F7556}") = "E-comerce_Inventory.Models", "E-comerce_Inventory.Models\E-comerce_Inventory.Models.csproj", "{F9400761-A0E7-45D1-8232-FA6ACD1F26D8}"
EndProject
Project("{9A19103F-16F7-4668-BE54-9A1E7A4F7556}") = "E-comerce_Inventory.Utilities", "E-comerce_Inventory.Utilities\E-comerce_Inventory.Utilities.csproj", "{19181F6D-0382-4F0A-81D2-91473756E102}"
EndProject
Global
	GlobalSection(SolutionConfigurationPlatforms) = preSolution
		Debug|Any CPU = Debug|Any CPU
		Release|Any CPU = Release|Any CPU
	EndGlobalSection
	GlobalSection(ProjectConfigurationPlatforms) = postSolution
		{51E61510-AC67-498C-9EAA-665656D8FF8A}.Debug|Any CPU.ActiveCfg = Debug|Any CPU
		{51E61510-AC67-498C-9EAA-665656D8FF8A}.Debug|Any CPU.Build.0 = Debug|Any CPU
		{51E61510-AC67-498C-9EAA-665656D8FF8A}.Release|Any CPU.ActiveCfg = Release|Any CPU
		{51E61510-AC67-498C-9EAA-665656D8FF8A}.Release|Any CPU.Build.0 = Release|Any CPU
		{4EB95A04-8E25-444B-B405-8AB56B39142C}.Debug|Any CPU.ActiveCfg = Debug|Any CPU
		{4EB95A04-8E25-444B-B405-8AB56B39142C}.Debug|Any CPU.Build.0 = Debug|Any CPU
		{4EB95A04-8E25-444B-B405-8AB56B39142C}.Release|Any CPU.ActiveCfg = Release|Any CPU
		{4EB95A04-8E25-444B-B405-8AB56B39142C}.Release|Any CPU.Build.0 = Release|Any CPU
		{F9400761-A0E7-45D1-8232-FA6ACD1F26D8}.Debug|Any CPU.ActiveCfg = Debug|Any CPU
		{F9400761-A0E7-45D1-8232-FA6ACD1F26D8}.Debug|Any CPU.Build.0 = Debug|Any CPU
		{F9400761-A0E7-45D1-8232-FA6ACD1F26D8}.Release|Any CPU.ActiveCfg = Release|Any CPU
		{F9400761-A0E7-45D1-8232-FA6ACD1F26D8}.Release|Any CPU.Build.0 = Release|Any CPU
		{19181F6D-0382-4F0A-81D2-91473756E102}.Debug|Any CPU.ActiveCfg = Debug|Any CPU
		{19181F6D-0382-4F0A-81D2-91473756E102}.Debug|Any CPU.Build.0 = Debug|Any CPU
		{19181F6D-0382-4F0A-81D2-91473756E102}.Release|Any CPU.ActiveCfg = Release|Any CPU
		{19181F6D-0382-4F0A-81D2-91473756E102}.Release|Any CPU.Build.0 = Release|Any CPU
	EndGlobalSection
	GlobalSection(SolutionProperties) = preSolution
		HideSolutionNode = FALSE
	EndGlobalSection
	GlobalSection(ExtensibilityGlobals) = postSolution
		SolutionGuid = {FDADA55F-EA1B-4CF8-9C12-B34E3EE84913}
	EndGlobalSection
EndGlobal
